{
    "_readme": [
        "This file locks the dependencies of your project to a known state",
        "Read more about it at http://getcomposer.org/doc/01-basic-usage.md#composer-lock-the-lock-file"
    ],
    "hash": "7c37a8de6259605a4a9a99b82d191906",
    "packages": [
        {
            "name": "mustangostang/spyc",
            "version": "0.5.1",
            "source": {
                "type": "git",
                "url": "https://github.com/mustangostang/spyc.git",
                "reference": "dc4785b4d7227fd9905e086d499fb8abfadf9977"
            },
            "dist": {
                "type": "zip",
                "url": "https://api.github.com/repos/mustangostang/spyc/zipball/dc4785b4d7227fd9905e086d499fb8abfadf9977",
                "reference": "dc4785b4d7227fd9905e086d499fb8abfadf9977",
                "shasum": ""
            },
            "require": {
                "php": ">=5.3.1"
            },
            "type": "library",
            "extra": {
                "branch-alias": {
                    "dev-master": "0.5.x-dev"
                }
            },
            "autoload": {
                "files": [
                    "Spyc.php"
                ]
            },
            "notification-url": "https://packagist.org/downloads/",
            "license": [
                "MIT License"
            ],
            "authors": [
                {
                    "name": "mustangostang",
                    "email": "vlad.andersen@gmail.com"
                }
            ],
            "description": "A simple YAML loader/dumper class for PHP",
            "homepage": "https://github.com/mustangostang/spyc/",
            "keywords": [
                "spyc",
                "yaml",
                "yml"
            ],
            "time": "2013-02-21 10:52:01"
        },
        {
            "name": "sneakybobito/cli-starter",
            "version": "dev-master",
            "source": {
                "type": "git",
                "url": "https://github.com/SneakyBobito/php-cli-starter.git",
                "reference": "8e73f2dd7ed004d3f6c7d9b45cdae2aa6edc1200"
            },
            "dist": {
                "type": "zip",
                "url": "https://api.github.com/repos/SneakyBobito/php-cli-starter/zipball/8e73f2dd7ed004d3f6c7d9b45cdae2aa6edc1200",
                "reference": "8e73f2dd7ed004d3f6c7d9b45cdae2aa6edc1200",
                "shasum": ""
            },
            "require": {
                "php": ">=5.3"
            },
            "type": "library",
            "autoload": {
                "psr-0": {
                    "CliStart": "lib"
                }
            },
            "notification-url": "https://packagist.org/downloads/",
            "license": [
                "MIT"
            ],
            "authors": [
                {
                    "name": "Soufiane Ghzal",
                    "email": "sghzal@gmail.com",
                    "homepage": "https://github.com/SneakyBobito",
                    "role": "Developer"
                }
            ],
            "description": "Daemonize php scripts",
            "homepage": "https://github.com/SneakyBobito/php-cli-starter",
            "keywords": [
                "cli",
                "daemon"
            ],
            "time": "2014-05-19 13:55:13"
        },
        {
            "name": "twig/twig",
            "version": "v1.15.1",
            "source": {
                "type": "git",
                "url": "https://github.com/fabpot/Twig.git",
                "reference": "1fb5784662f438d7d96a541e305e28b812e2eeed"
            },
            "dist": {
                "type": "zip",
                "url": "https://api.github.com/repos/fabpot/Twig/zipball/1fb5784662f438d7d96a541e305e28b812e2eeed",
                "reference": "1fb5784662f438d7d96a541e305e28b812e2eeed",
                "shasum": ""
            },
            "require": {
                "php": ">=5.2.4"
            },
            "type": "library",
            "extra": {
                "branch-alias": {
                    "dev-master": "1.15-dev"
                }
            },
            "autoload": {
                "psr-0": {
                    "Twig_": "lib/"
                }
            },
            "notification-url": "https://packagist.org/downloads/",
            "license": [
                "BSD-3-Clause"
            ],
            "authors": [
                {
                    "name": "Fabien Potencier",
                    "email": "fabien@symfony.com",
                    "homepage": "http://fabien.potencier.org",
                    "role": "Lead Developer"
                },
                {
                    "name": "Armin Ronacher",
                    "email": "armin.ronacher@active-4.com",
                    "role": "Project Founder"
                },
                {
                    "name": "Twig Team",
                    "homepage": "https://github.com/fabpot/Twig/graphs/contributors",
                    "role": "Contributors"
                }
            ],
            "description": "Twig, the flexible, fast, and secure template language for PHP",
            "homepage": "http://twig.sensiolabs.org",
            "keywords": [
                "templating"
            ],
            "time": "2014-02-13 10:19:29"
        }
    ],
    "packages-dev": [
        {
            "name": "sneakybobito/phalcon-stubs",
            "version": "1.2.0",
            "source": {
                "type": "git",
                "url": "https://github.com/SneakyBobito/phalcon-stubs.git",
                "reference": "ff601b39e5e6e826d0fec3430eff2c93ce76f707"
            },
            "dist": {
                "type": "zip",
                "url": "https://api.github.com/repos/SneakyBobito/phalcon-stubs/zipball/ff601b39e5e6e826d0fec3430eff2c93ce76f707",
                "reference": "ff601b39e5e6e826d0fec3430eff2c93ce76f707",
                "shasum": ""
            },
            "require": {
                "php": ">=5.3.9"
            },
            "type": "library",
            "notification-url": "https://packagist.org/downloads/",
            "description": "IDE Stubs for phalconphp",
            "homepage": "https://github.com/SneakyBobito/phalcon-stubs",
            "keywords": [
                "ide",
                "phalcon",
                "stubs"
            ],
            "time": "2013-07-11 20:10:36"
        }
    ],
    "aliases": [

    ],
    "minimum-stability": "stable",
    "stability-flags": {
        "sneakybobito/cli-starter": 20
    },
    "platform": [

    ],
    "platform-dev": [

    ]
}
